
Microsoft Visual Studio Solution File, Format Version 12.00
# Visual Studio Version 16
VisualStudioVersion = 16.0.32428.217
MinimumVisualStudioVersion = 10.0.40219.1
Project("{9A19103F-16F7-4668-BE54-9A1E7A4F7556}") = "Task1", "Task1\Task1.csproj", "{5E6DE031-B691-45EA-B0C0-0B3B6185ADDD}"
EndProject
Project("{9A19103F-16F7-4668-BE54-9A1E7A4F7556}") = "Task2", "Task2\Task2.csproj", "{55D1CFC5-EEA9-49A1-AB29-C9B75658EC57}"
EndProject
Global
	GlobalSection(SolutionConfigurationPlatforms) = preSolution
		Debug|Any CPU = Debug|Any CPU
		Release|Any CPU = Release|Any CPU
	EndGlobalSection
	GlobalSection(ProjectConfigurationPlatforms) = postSolution
		{5E6DE031-B691-45EA-B0C0-0B3B6185ADDD}.Debug|Any CPU.ActiveCfg = Debug|Any CPU
		{5E6DE031-B691-45EA-B0C0-0B3B6185ADDD}.Debug|Any CPU.Build.0 = Debug|Any CPU
		{5E6DE031-B691-45EA-B0C0-0B3B6185ADDD}.Release|Any CPU.ActiveCfg = Release|Any CPU
		{5E6DE031-B691-45EA-B0C0-0B3B6185ADDD}.Release|Any CPU.Build.0 = Release|Any CPU
		{55D1CFC5-EEA9-49A1-AB29-C9B75658EC57}.Debug|Any CPU.ActiveCfg = Debug|Any CPU
		{55D1CFC5-EEA9-49A1-AB29-C9B75658EC57}.Debug|Any CPU.Build.0 = Debug|Any CPU
		{55D1CFC5-EEA9-49A1-AB29-C9B75658EC57}.Release|Any CPU.ActiveCfg = Release|Any CPU
		{55D1CFC5-EEA9-49A1-AB29-C9B75658EC57}.Release|Any CPU.Build.0 = Release|Any CPU
	EndGlobalSection
	GlobalSection(SolutionProperties) = preSolution
		HideSolutionNode = FALSE
	EndGlobalSection
	GlobalSection(ExtensibilityGlobals) = postSolution
		SolutionGuid = {2CF04615-AB31-4420-B2CD-F4C1DD43F060}
	EndGlobalSection
EndGlobal
